github.com/joho/godotenv v1.3.0 h1:Zjp+RcGpHhGlrMbJzXTrZZPrWj+1vfm90La1wgB6Bhc=
github.com/joho/godotenv v1.3.0/go.mod h1:7hK45KPybAkOC6peb+G5yklZfMxEjkZhHbwpqxOKXbg=
github.com/zelenin/go-tdlib v0.3.2 h1:s52mLaNg0P/yeTGqADfOgAwGE9Jilyd1cpAHGBtYRUc=
github.com/zelenin/go-tdlib v0.3.2/go.mod h1:Xs8fXbk5n7VaPyrSs9DP7QYoBScWYsjX+lUcWmx1DIU=
